{
  "name": "full-stack-typescript",
  "lockfileVersion": 3,
  "requires": true,
  "packages": {
    "": {
      "name": "full-stack-typescript",
      "workspaces": [
        "server",
        "client",
        "exercises",
        "shared"
      ]
    },
    "exercises": {
      "name": "full-stack-typescript"
    },
    "node_modules/full-stack-typescript": {
      "resolved": "exercises",
      "link": true
    }
  }
}
